<Solution>
  <Folder Name="/src/">
    <Project Path="src/Zempler.Ticketing.Web/Zempler.Ticketing.Web.esproj">
      <Build />
      <Deploy />
    </Project>
    <Project Path="src/Zempler.Ticketing/Zempler.Ticketing.csproj" />

  </Folder>
  <Folder Name="/tests/">
    <Project Path="tests/Zempler.Ticketing.Tests/Zempler.Ticketing.Tests.csproj" />
  </Folder>
</Solution>
